{
  "requires": true,
  "lockfileVersion": 1,
  "dependencies": {
    "docxtemplater": {
      "version": "3.1.7",
      "resolved": "https://registry.npmjs.org/docxtemplater/-/docxtemplater-3.1.7.tgz",
      "integrity": "sha512-NuKoY+W2FVy5zqnO6tuxQZLZJ3DGFts83EQkGrvcE4I04XnuPFudRR+B6TO5fQI/VNNB/FpjGzulZRoW86A3aA==",
      "requires": {
        "xmldom": "0.1.27"
      }
    },
    "jszip": {
      "version": "2.6.1",
      "resolved": "https://registry.npmjs.org/jszip/-/jszip-2.6.1.tgz",
      "integrity": "sha1-uI86ey5noqBIFSmCx6N1bZxIKPA=",
      "requires": {
        "pako": "1.0.6"
      }
    },
    "pako": {
      "version": "1.0.6",
      "resolved": "https://registry.npmjs.org/pako/-/pako-1.0.6.tgz",
      "integrity": "sha512-lQe48YPsMJAig+yngZ87Lus+NF+3mtu7DVOBu6b/gHO1YpKwIj5AWjZ/TOS7i46HD/UixzWb1zeWDZfGZ3iYcg=="
    },
    "xmldom": {
      "version": "0.1.27",
      "resolved": "https://registry.npmjs.org/xmldom/-/xmldom-0.1.27.tgz",
      "integrity": "sha1-1QH5ezvbQDr4757MIFcxh6rawOk="
    }
  }
}
